schema: '2.0'
stages:
  preprocess:
    cmd: python src/data/preprocess.py
    deps:
    - path: data/raw/gu_wikipedia.jsonl
      hash: md5
      md5: d863dfc3058477080f22aafb2cbcc371
      size: 247739800
    - path: data/raw/indicqa_gu_train.jsonl
      hash: md5
      md5: 8b7b8b3a412dfe217a4e48573845339f
      size: 8652690
    - path: data/raw/indicqa_gu_val.jsonl
      hash: md5
      md5: 853ff51b4c36baf1699f2689ba01883a
      size: 2120570
    - path: data/raw/synthetic_gu_qa.jsonl
      hash: md5
      md5: eb5812a85c72c2c395180165f434d702
      size: 3596550
    - path: src/data/preprocess.py
      hash: md5
      md5: 35982c10997ba3f48bdabeb351f143c7
      size: 3892
    outs:
    - path: data/knowledge_base/kb.jsonl
      hash: md5
      md5: a3ecaf570ba81ed911e82f85d0893512
      size: 9115356
    - path: data/processed/train.jsonl
      hash: md5
      md5: c5e026faa1d6bf1178b8acfb7f114d15
      size: 8140369
    - path: data/processed/val.jsonl
      hash: md5
      md5: 6d12a7a323b15cdc2c68185064465119
      size: 1121502
  train:
    cmd: python src/model/train.py
    deps:
    - path: data/processed/train.jsonl
      hash: md5
      md5: c5e026faa1d6bf1178b8acfb7f114d15
      size: 8140369
    - path: data/processed/val.jsonl
      hash: md5
      md5: 6d12a7a323b15cdc2c68185064465119
      size: 1121502
    - path: params.yaml
      hash: md5
      md5: 11a9ac4b7539c6cc56a4e5b0b62711b1
      size: 505
    - path: src/model/train.py
      hash: md5
      md5: 0fe812ee32e06ac3ca8a050f07970f46
      size: 7156
    params:
      params.yaml:
        model:
          name: google/muril-base-cased
          max_length: 384
          doc_stride: 128
        training:
          learning_rate: 3e-05
          batch_size: 2
          gradient_accumulation_steps: 4
          num_epochs: 4
          warmup_steps: 200
          weight_decay: 0.01
          seed: 42
    outs:
    - path: models/gujarati-qa-best
      hash: md5
      md5: 98e547eb3e25e4ab301765ca13efbce8.dir
      size: 954306324
      nfiles: 5
    - path: reports/metrics.json
      hash: md5
      md5: 7119532789f13813c36ff5353cd9db49
      size: 32
